// !$*UTF8*$!
{
	archiveVersion = 1;
	classes = {
	};
	objectVersion = 77;
	objects = {

/* Begin PBXBuildFile section */
		331F20AC2E84047100B19E7E /* carkey icon.icon in Resources */ = {isa = PBXBuildFile; fileRef = 331F20AB2E84047100B19E7E /* carkey icon.icon */; };
		3345C9422E8924D1003D2691 /* LogView in Frameworks */ = {isa = PBXBuildFile; productRef = 3345C9412E8924D1003D2691 /* LogView */; };
		335DD43B2E74426100B0CE75 /* CoreBluetooth.framework in Frameworks */ = {isa = PBXBuildFile; fileRef = 335DD43A2E74426100B0CE75 /* CoreBluetooth.framework */; };
		335DD4422E74673100B0CE75 /* SwiftyBluetooth in Frameworks */ = {isa = PBXBuildFile; productRef = 335DD4412E74673100B0CE75 /* SwiftyBluetooth */; };
		33A518D22E88BD1B0036C66D /* CryptoSwift in Frameworks */ = {isa = PBXBuildFile; productRef = 33A518D12E88BD1B0036C66D /* CryptoSwift */; };
		33F9079F2FDA56CD00741A4F /* BaoJunKey Watch App.app in Embed Watch Content */ = {isa = PBXBuildFile; fileRef = 33F907952FDA56CB00741A4F /* BaoJunKey Watch App.app */; settings = {ATTRIBUTES = (RemoveHeadersOnCopy, ); }; };
		33F9080A2FDBFD7C00741A4F /* CryptoSwift in Frameworks */ = {isa = PBXBuildFile; productRef = 33A518D12E88BD1B0036C66D /* CryptoSwift */; };
/* End PBXBuildFile section */

/* Begin PBXContainerItemProxy section */
		331325ED2E6E869200E86E52 /* PBXContainerItemProxy */ = {
			isa = PBXContainerItemProxy;
			containerPortal = 331325D72E6E869100E86E52 /* Project object */;
			proxyType = 1;
			remoteGlobalIDString = 331325DE2E6E869100E86E52;
			remoteInfo = carkey;
		};
		331325F72E6E869200E86E52 /* PBXContainerItemProxy */ = {
			isa = PBXContainerItemProxy;
			containerPortal = 331325D72E6E869100E86E52 /* Project object */;
			proxyType = 1;
			remoteGlobalIDString = 331325DE2E6E869100E86E52;
			remoteInfo = carkey;
		};
		33F9079D2FDA56CD00741A4F /* PBXContainerItemProxy */ = {
			isa = PBXContainerItemProxy;
			containerPortal = 331325D72E6E869100E86E52 /* Project object */;
			proxyType = 1;
			remoteGlobalIDString = 33F907942FDA56CB00741A4F;
			remoteInfo = "BaoJunKey Watch App";
		};
/* End PBXContainerItemProxy section */

/* Begin PBXCopyFilesBuildPhase section */
		33F907A02FDA56CD00741A4F /* Embed Watch Content */ = {
			isa = PBXCopyFilesBuildPhase;
			buildActionMask = 2147483647;
			dstPath = "$(CONTENTS_FOLDER_PATH)/Watch";
			dstSubfolderSpec = 16;
			files = (
				33F9079F2FDA56CD00741A4F /* BaoJunKey Watch App.app in Embed Watch Content */,
			);
			name = "Embed Watch Content";
			runOnlyForDeploymentPostprocessing = 0;
		};
/* End PBXCopyFilesBuildPhase section */

/* Begin PBXFileReference section */
		331325DF2E6E869100E86E52 /* carkey.app */ = {isa = PBXFileReference; explicitFileType = wrapper.application; includeInIndex = 0; path = carkey.app; sourceTree = BUILT_PRODUCTS_DIR; };
		331325EC2E6E869200E86E52 /* carkeyTests.xctest */ = {isa = PBXFileReference; explicitFileType = wrapper.cfbundle; includeInIndex = 0; path = carkeyTests.xctest; sourceTree = BUILT_PRODUCTS_DIR; };
		331325F62E6E869200E86E52 /* carkeyUITests.xctest */ = {isa = PBXFileReference; explicitFileType = wrapper.cfbundle; includeInIndex = 0; path = carkeyUITests.xctest; sourceTree = BUILT_PRODUCTS_DIR; };
		331F20AB2E84047100B19E7E /* carkey icon.icon */ = {isa = PBXFileReference; lastKnownFileType = folder.iconcomposer.icon; path = "carkey icon.icon"; sourceTree = "<group>"; };
		335DD43A2E74426100B0CE75 /* CoreBluetooth.framework */ = {isa = PBXFileReference; lastKnownFileType = wrapper.framework; name = CoreBluetooth.framework; path = System/Library/Frameworks/CoreBluetooth.framework; sourceTree = SDKROOT; };
		33F907952FDA56CB00741A4F /* BaoJunKey Watch App.app */ = {isa = PBXFileReference; explicitFileType = wrapper.application; includeInIndex = 0; path = "BaoJunKey Watch App.app"; sourceTree = BUILT_PRODUCTS_DIR; };
/* End PBXFileReference section */

/* Begin PBXFileSystemSynchronizedBuildFileExceptionSet section */
		335DD43D2E74427F00B0CE75 /* Exceptions for "carkey" folder in "carkey" target */ = {
			isa = PBXFileSystemSynchronizedBuildFileExceptionSet;
			membershipExceptions = (
				Info.plist,
			);
			target = 331325DE2E6E869100E86E52 /* carkey */;
		};
/* End PBXFileSystemSynchronizedBuildFileExceptionSet section */

/* Begin PBXFileSystemSynchronizedRootGroup section */
		331325E12E6E869100E86E52 /* carkey */ = {
			isa = PBXFileSystemSynchronizedRootGroup;
			exceptions = (
				335DD43D2E74427F00B0CE75 /* Exceptions for "carkey" folder in "carkey" target */,
			);
			path = carkey;
			sourceTree = "<group>";
		};
		331325EF2E6E869200E86E52 /* carkeyTests */ = {
			isa = PBXFileSystemSynchronizedRootGroup;
			path = carkeyTests;
			sourceTree = "<group>";
		};
		331325F92E6E869200E86E52 /* carkeyUITests */ = {
			isa = PBXFileSystemSynchronizedRootGroup;
			path = carkeyUITests;
			sourceTree = "<group>";
		};
		33F907962FDA56CB00741A4F /* BaoJunKey Watch App */ = {
			isa = PBXFileSystemSynchronizedRootGroup;
			path = "BaoJunKey Watch App";
			sourceTree = "<group>";
		};
/* End PBXFileSystemSynchronizedRootGroup section */

/* Begin PBXFrameworksBuildPhase section */
		331325DC2E6E869100E86E52 /* Frameworks */ = {
			isa = PBXFrameworksBuildPhase;
			buildActionMask = 2147483647;
			files = (
				3345C9422E8924D1003D2691 /* LogView in Frameworks */,
				335DD43B2E74426100B0CE75 /* CoreBluetooth.framework in Frameworks */,
				335DD4422E74673100B0CE75 /* SwiftyBluetooth in Frameworks */,
				33A518D22E88BD1B0036C66D /* CryptoSwift in Frameworks */,
			);
			runOnlyForDeploymentPostprocessing = 0;
		};
		331325E92E6E869200E86E52 /* Frameworks */ = {
			isa = PBXFrameworksBuildPhase;
			buildActionMask = 2147483647;
			files = (
			);
			runOnlyForDeploymentPostprocessing = 0;
		};
		331325F32E6E869200E86E52 /* Frameworks */ = {
			isa = PBXFrameworksBuildPhase;
			buildActionMask = 2147483647;
			files = (
			);
			runOnlyForDeploymentPostprocessing = 0;
		};
		33F907922FDA56CB00741A4F /* Frameworks */ = {
			isa = PBXFrameworksBuildPhase;
			buildActionMask = 2147483647;
			files = (
				33F9080A2FDBFD7C00741A4F /* CryptoSwift in Frameworks */,
			);
			runOnlyForDeploymentPostprocessing = 0;
		};
/* End PBXFrameworksBuildPhase section */

/* Begin PBXGroup section */
		331325D62E6E869100E86E52 = {
			isa = PBXGroup;
			children = (
				331325E12E6E869100E86E52 /* carkey */,
				331325EF2E6E869200E86E52 /* carkeyTests */,
				331325F92E6E869200E86E52 /* carkeyUITests */,
				33F907962FDA56CB00741A4F /* BaoJunKey Watch App */,
				335DD4392E74426100B0CE75 /* Frameworks */,
				331325E02E6E869100E86E52 /* Products */,
				331F20AB2E84047100B19E7E /* carkey icon.icon */,
			);
			sourceTree = "<group>";
		};
		331325E02E6E869100E86E52 /* Products */ = {
			isa = PBXGroup;
			children = (
				331325DF2E6E869100E86E52 /* carkey.app */,
				331325EC2E6E869200E86E52 /* carkeyTests.xctest */,
				331325F62E6E869200E86E52 /* carkeyUITests.xctest */,
				33F907952FDA56CB00741A4F /* BaoJunKey Watch App.app */,
			);
			name = Products;
			sourceTree = "<group>";
		};
		335DD4392E74426100B0CE75 /* Frameworks */ = {
			isa = PBXGroup;
			children = (
				335DD43A2E74426100B0CE75 /* CoreBluetooth.framework */,
			);
			name = Frameworks;
			sourceTree = "<group>";
		};
/* End PBXGroup section */

/* Begin PBXNativeTarget section */
		331325DE2E6E869100E86E52 /* carkey */ = {
			isa = PBXNativeTarget;
			buildConfigurationList = 331326002E6E869200E86E52 /* Build configuration list for PBXNativeTarget "carkey" */;
			buildPhases = (
				331325DB2E6E869100E86E52 /* Sources */,
				331325DC2E6E869100E86E52 /* Frameworks */,
				331325DD2E6E869100E86E52 /* Resources */,
				33F907A02FDA56CD00741A4F /* Embed Watch Content */,
			);
			buildRules = (
			);
			dependencies = (
				33F9079E2FDA56CD00741A4F /* PBXTargetDependency */,
			);
			fileSystemSynchronizedGroups = (
				331325E12E6E869100E86E52 /* carkey */,
			);
			name = carkey;
			packageProductDependencies = (
				335DD4412E74673100B0CE75 /* SwiftyBluetooth */,
				33A518D12E88BD1B0036C66D /* CryptoSwift */,
				3345C9412E8924D1003D2691 /* LogView */,
			);
			productName = carkey;
			productReference = 331325DF2E6E869100E86E52 /* carkey.app */;
			productType = "com.apple.product-type.application";
		};
		331325EB2E6E869200E86E52 /* carkeyTests */ = {
			isa = PBXNativeTarget;
			buildConfigurationList = 331326032E6E869200E86E52 /* Build configuration list for PBXNativeTarget "carkeyTests" */;
			buildPhases = (
				331325E82E6E869200E86E52 /* Sources */,
				331325E92E6E869200E86E52 /* Frameworks */,
				331325EA2E6E869200E86E52 /* Resources */,
			);
			buildRules = (
			);
			dependencies = (
				331325EE2E6E869200E86E52 /* PBXTargetDependency */,
			);
			fileSystemSynchronizedGroups = (
				331325EF2E6E869200E86E52 /* carkeyTests */,
			);
			name = carkeyTests;
			packageProductDependencies = (
			);
			productName = carkeyTests;
			productReference = 331325EC2E6E869200E86E52 /* carkeyTests.xctest */;
			productType = "com.apple.product-type.bundle.unit-test";
		};
		331325F52E6E869200E86E52 /* carkeyUITests */ = {
			isa = PBXNativeTarget;
			buildConfigurationList = 331326062E6E869200E86E52 /* Build configuration list for PBXNativeTarget "carkeyUITests" */;
			buildPhases = (
				331325F22E6E869200E86E52 /* Sources */,
				331325F32E6E869200E86E52 /* Frameworks */,
				331325F42E6E869200E86E52 /* Resources */,
			);
			buildRules = (
			);
			dependencies = (
				331325F82E6E869200E86E52 /* PBXTargetDependency */,
			);
			fileSystemSynchronizedGroups = (
				331325F92E6E869200E86E52 /* carkeyUITests */,
			);
			name = carkeyUITests;
			packageProductDependencies = (
			);
			productName = carkeyUITests;
			productReference = 331325F62E6E869200E86E52 /* carkeyUITests.xctest */;
			productType = "com.apple.product-type.bundle.ui-testing";
		};
		33F907942FDA56CB00741A4F /* BaoJunKey Watch App */ = {
			isa = PBXNativeTarget;
			buildConfigurationList = 33F907A32FDA56CD00741A4F /* Build configuration list for PBXNativeTarget "BaoJunKey Watch App" */;
			buildPhases = (
				33F907912FDA56CB00741A4F /* Sources */,
				33F907922FDA56CB00741A4F /* Frameworks */,
				33F907932FDA56CB00741A4F /* Resources */,
			);
			buildRules = (
			);
			dependencies = (
			);
			fileSystemSynchronizedGroups = (
				33F907962FDA56CB00741A4F /* BaoJunKey Watch App */,
			);
			name = "BaoJunKey Watch App";
			packageProductDependencies = (
				33A518D12E88BD1B0036C66D /* CryptoSwift */,
			);
			productName = "BaoJunKey Watch App";
			productReference = 33F907952FDA56CB00741A4F /* BaoJunKey Watch App.app */;
			productType = "com.apple.product-type.application";
		};
/* End PBXNativeTarget section */

/* Begin PBXProject section */
		331325D72E6E869100E86E52 /* Project object */ = {
			isa = PBXProject;
			attributes = {
				BuildIndependentTargetsInParallel = 1;
				LastSwiftUpdateCheck = 2650;
				LastUpgradeCheck = 2600;
				TargetAttributes = {
					331325DE2E6E869100E86E52 = {
						CreatedOnToolsVersion = 16.4;
					};
					331325EB2E6E869200E86E52 = {
						CreatedOnToolsVersion = 16.4;
						TestTargetID = 331325DE2E6E869100E86E52;
					};
					331325F52E6E869200E86E52 = {
						CreatedOnToolsVersion = 16.4;
						TestTargetID = 331325DE2E6E869100E86E52;
					};
					33F907942FDA56CB00741A4F = {
						CreatedOnToolsVersion = 26.5;
					};
				};
			};
			buildConfigurationList = 331325DA2E6E869100E86E52 /* Build configuration list for PBXProject "carkey" */;
			developmentRegion = en;
			hasScannedForEncodings = 0;
			knownRegions = (
				en,
				Base,
			);
			mainGroup = 331325D62E6E869100E86E52;
			minimizedProjectReferenceProxies = 1;
			packageReferences = (
				335DD4402E74673100B0CE75 /* XCRemoteSwiftPackageReference "SwiftyBluetooth" */,
				33A518D02E88BD070036C66D /* XCRemoteSwiftPackageReference "CryptoSwift" */,
				3345C9402E8924CC003D2691 /* XCRemoteSwiftPackageReference "LogView" */,
			);
			preferredProjectObjectVersion = 77;
			productRefGroup = 331325E02E6E869100E86E52 /* Products */;
			projectDirPath = "";
			projectRoot = "";
			targets = (
				331325DE2E6E869100E86E52 /* carkey */,
				331325EB2E6E869200E86E52 /* carkeyTests */,
				331325F52E6E869200E86E52 /* carkeyUITests */,
				33F907942FDA56CB00741A4F /* BaoJunKey Watch App */,
			);
		};
/* End PBXProject section */

/* Begin PBXResourcesBuildPhase section */
		331325DD2E6E869100E86E52 /* Resources */ = {
			isa = PBXResourcesBuildPhase;
			buildActionMask = 2147483647;
			files = (
				331F20AC2E84047100B19E7E /* carkey icon.icon in Resources */,
			);
			runOnlyForDeploymentPostprocessing = 0;
		};
		331325EA2E6E869200E86E52 /* Resources */ = {
			isa = PBXResourcesBuildPhase;
			buildActionMask = 2147483647;
			files = (
			);
			runOnlyForDeploymentPostprocessing = 0;
		};
		331325F42E6E869200E86E52 /* Resources */ = {
			isa = PBXResourcesBuildPhase;
			buildActionMask = 2147483647;
			files = (
			);
			runOnlyForDeploymentPostprocessing = 0;
		};
		33F907932FDA56CB00741A4F /* Resources */ = {
			isa = PBXResourcesBuildPhase;
			buildActionMask = 2147483647;
			files = (
			);
			runOnlyForDeploymentPostprocessing = 0;
		};
/* End PBXResourcesBuildPhase section */

/* Begin PBXSourcesBuildPhase section */
		331325DB2E6E869100E86E52 /* Sources */ = {
			isa = PBXSourcesBuildPhase;
			buildActionMask = 2147483647;
			files = (
			);
			runOnlyForDeploymentPostprocessing = 0;
		};
		331325E82E6E869200E86E52 /* Sources */ = {
			isa = PBXSourcesBuildPhase;
			buildActionMask = 2147483647;
			files = (
			);
			runOnlyForDeploymentPostprocessing = 0;
		};
		331325F22E6E869200E86E52 /* Sources */ = {
			isa = PBXSourcesBuildPhase;
			buildActionMask = 2147483647;
			files = (
			);
			runOnlyForDeploymentPostprocessing = 0;
		};
		33F907912FDA56CB00741A4F /* Sources */ = {
			isa = PBXSourcesBuildPhase;
			buildActionMask = 2147483647;
			files = (
			);
			runOnlyForDeploymentPostprocessing = 0;
		};
/* End PBXSourcesBuildPhase section */

/* Begin PBXTargetDependency section */
		331325EE2E6E869200E86E52 /* PBXTargetDependency */ = {
			isa = PBXTargetDependency;
			target = 331325DE2E6E869100E86E52 /* carkey */;
			targetProxy = 331325ED2E6E869200E86E52 /* PBXContainerItemProxy */;
		};
		331325F82E6E869200E86E52 /* PBXTargetDependency */ = {
			isa = PBXTargetDependency;
			target = 331325DE2E6E869100E86E52 /* carkey */;
			targetProxy = 331325F72E6E869200E86E52 /* PBXContainerItemProxy */;
		};
		33F9079E2FDA56CD00741A4F /* PBXTargetDependency */ = {
			isa = PBXTargetDependency;
			target = 33F907942FDA56CB00741A4F /* BaoJunKey Watch App */;
			targetProxy = 33F9079D2FDA56CD00741A4F /* PBXContainerItemProxy */;
		};
/* End PBXTargetDependency section */

/* Begin XCBuildConfiguration section */
		331325FE2E6E869200E86E52 /* Debug */ = {
			isa = XCBuildConfiguration;
			buildSettings = {
				ALWAYS_SEARCH_USER_PATHS = NO;
				ASSETCATALOG_COMPILER_GENERATE_SWIFT_ASSET_SYMBOL_EXTENSIONS = YES;
				CLANG_ANALYZER_NONNULL = YES;
				CLANG_ANALYZER_NUMBER_OBJECT_CONVERSION = YES_AGGRESSIVE;
				CLANG_CXX_LANGUAGE_STANDARD = "gnu++20";
				CLANG_ENABLE_MODULES = YES;
				CLANG_ENABLE_OBJC_ARC = YES;
				CLANG_ENABLE_OBJC_WEAK = YES;
				CLANG_WARN_BLOCK_CAPTURE_AUTORELEASING = YES;
				CLANG_WARN_BOOL_CONVERSION = YES;
				CLANG_WARN_COMMA = YES;
				CLANG_WARN_CONSTANT_CONVERSION = YES;
				CLANG_WARN_DEPRECATED_OBJC_IMPLEMENTATIONS = YES;
				CLANG_WARN_DIRECT_OBJC_ISA_USAGE = YES_ERROR;
				CLANG_WARN_DOCUMENTATION_COMMENTS = YES;
				CLANG_WARN_EMPTY_BODY = YES;
				CLANG_WARN_ENUM_CONVERSION = YES;
				CLANG_WARN_INFINITE_RECURSION = YES;
				CLANG_WARN_INT_CONVERSION = YES;
				CLANG_WARN_NON_LITERAL_NULL_CONVERSION = YES;
				CLANG_WARN_OBJC_IMPLICIT_RETAIN_SELF = YES;
				CLANG_WARN_OBJC_LITERAL_CONVERSION = YES;
				CLANG_WARN_OBJC_ROOT_CLASS = YES_ERROR;
				CLANG_WARN_QUOTED_INCLUDE_IN_FRAMEWORK_HEADER = YES;
				CLANG_WARN_RANGE_LOOP_ANALYSIS = YES;
				CLANG_WARN_STRICT_PROTOTYPES = YES;
				CLANG_WARN_SUSPICIOUS_MOVE = YES;
				CLANG_WARN_UNGUARDED_AVAILABILITY = YES_AGGRESSIVE;
				CLANG_WARN_UNREACHABLE_CODE = YES;
				CLANG_WARN__DUPLICATE_METHOD_MATCH = YES;
				COPY_PHASE_STRIP = NO;
				DEBUG_INFORMATION_FORMAT = dwarf;
				DEVELOPMENT_TEAM = QV9R4FN97N;
				ENABLE_STRICT_OBJC_MSGSEND = YES;
				ENABLE_TESTABILITY = YES;
				ENABLE_USER_SCRIPT_SANDBOXING = YES;
				GCC_C_LANGUAGE_STANDARD = gnu17;
				GCC_DYNAMIC_NO_PIC = NO;
				GCC_NO_COMMON_BLOCKS = YES;
				GCC_OPTIMIZATION_LEVEL = 0;
				GCC_PREPROCESSOR_DEFINITIONS = (
					"DEBUG=1",
					"$(inherited)",
				);
				GCC_WARN_64_TO_32_BIT_CONVERSION = YES;
				GCC_WARN_ABOUT_RETURN_TYPE = YES_ERROR;
				GCC_WARN_UNDECLARED_SELECTOR = YES;
				GCC_WARN_UNINITIALIZED_AUTOS = YES_AGGRESSIVE;
				GCC_WARN_UNUSED_FUNCTION = YES;
				GCC_WARN_UNUSED_VARIABLE = YES;
				IPHONEOS_DEPLOYMENT_TARGET = 18.5;
				LOCALIZATION_PREFERS_STRING_CATALOGS = YES;
				MTL_ENABLE_DEBUG_INFO = INCLUDE_SOURCE;
				MTL_FAST_MATH = YES;
				ONLY_ACTIVE_ARCH = YES;
				SDKROOT = iphoneos;
				STRING_CATALOG_GENERATE_SYMBOLS = YES;
				SWIFT_ACTIVE_COMPILATION_CONDITIONS = "DEBUG $(inherited)";
				SWIFT_OPTIMIZATION_LEVEL = "-Onone";
			};
			name = Debug;
		};
		331325FF2E6E869200E86E52 /* Release */ = {
			isa = XCBuildConfiguration;
			buildSettings = {
				ALWAYS_SEARCH_USER_PATHS = NO;
				ASSETCATALOG_COMPILER_GENERATE_SWIFT_ASSET_SYMBOL_EXTENSIONS = YES;
				CLANG_ANALYZER_NONNULL = YES;
				CLANG_ANALYZER_NUMBER_OBJECT_CONVERSION = YES_AGGRESSIVE;
				CLANG_CXX_LANGUAGE_STANDARD = "gnu++20";
				CLANG_ENABLE_MODULES = YES;
				CLANG_ENABLE_OBJC_ARC = YES;
				CLANG_ENABLE_OBJC_WEAK = YES;
				CLANG_WARN_BLOCK_CAPTURE_AUTORELEASING = YES;
				CLANG_WARN_BOOL_CONVERSION = YES;
				CLANG_WARN_COMMA = YES;
				CLANG_WARN_CONSTANT_CONVERSION = YES;
				CLANG_WARN_DEPRECATED_OBJC_IMPLEMENTATIONS = YES;
				CLANG_WARN_DIRECT_OBJC_ISA_USAGE = YES_ERROR;
				CLANG_WARN_DOCUMENTATION_COMMENTS = YES;
				CLANG_WARN_EMPTY_BODY = YES;
				CLANG_WARN_ENUM_CONVERSION = YES;
				CLANG_WARN_INFINITE_RECURSION = YES;
				CLANG_WARN_INT_CONVERSION = YES;
				CLANG_WARN_NON_LITERAL_NULL_CONVERSION = YES;
				CLANG_WARN_OBJC_IMPLICIT_RETAIN_SELF = YES;
				CLANG_WARN_OBJC_LITERAL_CONVERSION = YES;
				CLANG_WARN_OBJC_ROOT_CLASS = YES_ERROR;
				CLANG_WARN_QUOTED_INCLUDE_IN_FRAMEWORK_HEADER = YES;
				CLANG_WARN_RANGE_LOOP_ANALYSIS = YES;
				CLANG_WARN_STRICT_PROTOTYPES = YES;
				CLANG_WARN_SUSPICIOUS_MOVE = YES;
				CLANG_WARN_UNGUARDED_AVAILABILITY = YES_AGGRESSIVE;
				CLANG_WARN_UNREACHABLE_CODE = YES;
				CLANG_WARN__DUPLICATE_METHOD_MATCH = YES;
				COPY_PHASE_STRIP = NO;
				DEBUG_INFORMATION_FORMAT = "dwarf-with-dsym";
				DEVELOPMENT_TEAM = QV9R4FN97N;
				ENABLE_NS_ASSERTIONS = NO;
				ENABLE_STRICT_OBJC_MSGSEND = YES;
				ENABLE_USER_SCRIPT_SANDBOXING = YES;
				GCC_C_LANGUAGE_STANDARD = gnu17;
				GCC_NO_COMMON_BLOCKS = YES;
				GCC_WARN_64_TO_32_BIT_CONVERSION = YES;
				GCC_WARN_ABOUT_RETURN_TYPE = YES_ERROR;
				GCC_WARN_UNDECLARED_SELECTOR = YES;
				GCC_WARN_UNINITIALIZED_AUTOS = YES_AGGRESSIVE;
				GCC_WARN_UNUSED_FUNCTION = YES;
				GCC_WARN_UNUSED_VARIABLE = YES;
				IPHONEOS_DEPLOYMENT_TARGET = 18.5;
				LOCALIZATION_PREFERS_STRING_CATALOGS = YES;
				MTL_ENABLE_DEBUG_INFO = NO;
				MTL_FAST_MATH = YES;
				SDKROOT = iphoneos;
				STRING_CATALOG_GENERATE_SYMBOLS = YES;
				SWIFT_COMPILATION_MODE = wholemodule;
				VALIDATE_PRODUCT = YES;
			};
			name = Release;
		};
		331326012E6E869200E86E52 /* Debug */ = {
			isa = XCBuildConfiguration;
			buildSettings = {
				ASSETCATALOG_COMPILER_APPICON_NAME = "carkey icon";
				ASSETCATALOG_COMPILER_GLOBAL_ACCENT_COLOR_NAME = AccentColor;
				ASSETCATALOG_COMPILER_INCLUDE_ALL_APPICON_ASSETS = YES;
				CODE_SIGN_STYLE = Automatic;
				CURRENT_PROJECT_VERSION = 1;
				DEVELOPMENT_TEAM = QV9R4FN97N;
				ENABLE_PREVIEWS = YES;
				GENERATE_INFOPLIST_FILE = YES;
				INFOPLIST_FILE = carkey/Info.plist;
				INFOPLIST_KEY_LSApplicationCategoryType = "public.app-category.utilities";
				INFOPLIST_KEY_NSBluetoothAlwaysUsageDescription = "This app uses Bluetooth to connect with your vehicle and function as a digital car key.";
				INFOPLIST_KEY_UIApplicationSceneManifest_Generation = YES;
				INFOPLIST_KEY_UIApplicationSupportsIndirectInputEvents = YES;
				INFOPLIST_KEY_UILaunchScreen_Generation = YES;
				INFOPLIST_KEY_UISupportedInterfaceOrientations_iPad = "UIInterfaceOrientationPortrait UIInterfaceOrientationPortraitUpsideDown UIInterfaceOrientationLandscapeLeft UIInterfaceOrientationLandscapeRight";
				INFOPLIST_KEY_UISupportedInterfaceOrientations_iPhone = "UIInterfaceOrientationPortrait UIInterfaceOrientationLandscapeLeft UIInterfaceOrientationLandscapeRight";
				IPHONEOS_DEPLOYMENT_TARGET = 17.6;
				LD_RUNPATH_SEARCH_PATHS = (
					"$(inherited)",
					"@executable_path/Frameworks",
				);
				MARKETING_VERSION = 1.0;
				PRODUCT_BUNDLE_IDENTIFIER = com.sleepyshark.carkey;
				PRODUCT_NAME = "$(TARGET_NAME)";
				SWIFT_EMIT_LOC_STRINGS = YES;
				SWIFT_VERSION = 5.0;
				TARGETED_DEVICE_FAMILY = 1;
			};
			name = Debug;
		};
		331326022E6E869200E86E52 /* Release */ = {
			isa = XCBuildConfiguration;
			buildSettings = {
				ASSETCATALOG_COMPILER_APPICON_NAME = "carkey icon";
				ASSETCATALOG_COMPILER_GLOBAL_ACCENT_COLOR_NAME = AccentColor;
				ASSETCATALOG_COMPILER_INCLUDE_ALL_APPICON_ASSETS = YES;
				CODE_SIGN_STYLE = Automatic;
				CURRENT_PROJECT_VERSION = 1;
				DEVELOPMENT_TEAM = QV9R4FN97N;
				ENABLE_PREVIEWS = YES;
				GENERATE_INFOPLIST_FILE = YES;
				INFOPLIST_FILE = carkey/Info.plist;
				INFOPLIST_KEY_LSApplicationCategoryType = "public.app-category.utilities";
				INFOPLIST_KEY_NSBluetoothAlwaysUsageDescription = "This app uses Bluetooth to connect with your vehicle and function as a digital car key.";
				INFOPLIST_KEY_UIApplicationSceneManifest_Generation = YES;
				INFOPLIST_KEY_UIApplicationSupportsIndirectInputEvents = YES;
				INFOPLIST_KEY_UILaunchScreen_Generation = YES;
				INFOPLIST_KEY_UISupportedInterfaceOrientations_iPad = "UIInterfaceOrientationPortrait UIInterfaceOrientationPortraitUpsideDown UIInterfaceOrientationLandscapeLeft UIInterfaceOrientationLandscapeRight";
				INFOPLIST_KEY_UISupportedInterfaceOrientations_iPhone = "UIInterfaceOrientationPortrait UIInterfaceOrientationLandscapeLeft UIInterfaceOrientationLandscapeRight";
				IPHONEOS_DEPLOYMENT_TARGET = 17.6;
				LD_RUNPATH_SEARCH_PATHS = (
					"$(inherited)",
					"@executable_path/Frameworks",
				);
				MARKETING_VERSION = 1.0;
				PRODUCT_BUNDLE_IDENTIFIER = com.sleepyshark.carkey;
				PRODUCT_NAME = "$(TARGET_NAME)";
				SWIFT_EMIT_LOC_STRINGS = YES;
				SWIFT_VERSION = 5.0;
				TARGETED_DEVICE_FAMILY = 1;
			};
			name = Release;
		};
		331326042E6E869200E86E52 /* Debug */ = {
			isa = XCBuildConfiguration;
			buildSettings = {
				BUNDLE_LOADER = "$(TEST_HOST)";
				CODE_SIGN_STYLE = Automatic;
				CURRENT_PROJECT_VERSION = 1;
				DEVELOPMENT_TEAM = QV9R4FN97N;
				GENERATE_INFOPLIST_FILE = YES;
				IPHONEOS_DEPLOYMENT_TARGET = 18.5;
				MARKETING_VERSION = 1.0;
				PRODUCT_BUNDLE_IDENTIFIER = com.sleepyshark.carkeyTests;
				PRODUCT_NAME = "$(TARGET_NAME)";
				SWIFT_EMIT_LOC_STRINGS = NO;
				SWIFT_VERSION = 5.0;
				TARGETED_DEVICE_FAMILY = "1,2";
				TEST_HOST = "$(BUILT_PRODUCTS_DIR)/carkey.app/$(BUNDLE_EXECUTABLE_FOLDER_PATH)/carkey";
			};
			name = Debug;
		};
		331326052E6E869200E86E52 /* Release */ = {
			isa = XCBuildConfiguration;
			buildSettings = {
				BUNDLE_LOADER = "$(TEST_HOST)";
				CODE_SIGN_STYLE = Automatic;
				CURRENT_PROJECT_VERSION = 1;
				DEVELOPMENT_TEAM = QV9R4FN97N;
				GENERATE_INFOPLIST_FILE = YES;
				IPHONEOS_DEPLOYMENT_TARGET = 18.5;
				MARKETING_VERSION = 1.0;
				PRODUCT_BUNDLE_IDENTIFIER = com.sleepyshark.carkeyTests;
				PRODUCT_NAME = "$(TARGET_NAME)";
				SWIFT_EMIT_LOC_STRINGS = NO;
				SWIFT_VERSION = 5.0;
				TARGETED_DEVICE_FAMILY = "1,2";
				TEST_HOST = "$(BUILT_PRODUCTS_DIR)/carkey.app/$(BUNDLE_EXECUTABLE_FOLDER_PATH)/carkey";
			};
			name = Release;
		};
		331326072E6E869200E86E52 /* Debug */ = {
			isa = XCBuildConfiguration;
			buildSettings = {
				CODE_SIGN_STYLE = Automatic;
				CURRENT_PROJECT_VERSION = 1;
				DEVELOPMENT_TEAM = QV9R4FN97N;
				GENERATE_INFOPLIST_FILE = YES;
				MARKETING_VERSION = 1.0;
				PRODUCT_BUNDLE_IDENTIFIER = com.sleepyshark.carkeyUITests;
				PRODUCT_NAME = "$(TARGET_NAME)";
				SWIFT_EMIT_LOC_STRINGS = NO;
				SWIFT_VERSION = 5.0;
				TARGETED_DEVICE_FAMILY = "1,2";
				TEST_TARGET_NAME = carkey;
			};
			name = Debug;
		};
		331326082E6E869200E86E52 /* Release */ = {
			isa = XCBuildConfiguration;
			buildSettings = {
				CODE_SIGN_STYLE = Automatic;
				CURRENT_PROJECT_VERSION = 1;
				DEVELOPMENT_TEAM = QV9R4FN97N;
				GENERATE_INFOPLIST_FILE = YES;
				MARKETING_VERSION = 1.0;
				PRODUCT_BUNDLE_IDENTIFIER = com.sleepyshark.carkeyUITests;
				PRODUCT_NAME = "$(TARGET_NAME)";
				SWIFT_EMIT_LOC_STRINGS = NO;
				SWIFT_VERSION = 5.0;
				TARGETED_DEVICE_FAMILY = "1,2";
				TEST_TARGET_NAME = carkey;
			};
			name = Release;
		};
		33F907A12FDA56CD00741A4F /* Debug */ = {
			isa = XCBuildConfiguration;
			buildSettings = {
				ASSETCATALOG_COMPILER_APPICON_NAME = AppIcon;
				ASSETCATALOG_COMPILER_GLOBAL_ACCENT_COLOR_NAME = AccentColor;
				CODE_SIGN_STYLE = Automatic;
				CURRENT_PROJECT_VERSION = 1;
				DEVELOPMENT_TEAM = QV9R4FN97N;
				ENABLE_PREVIEWS = YES;
				GENERATE_INFOPLIST_FILE = YES;
				INFOPLIST_KEY_CFBundleDisplayName = BaoJunKey;
				INFOPLIST_KEY_NSBluetoothAlwaysUsageDescription = "使用蓝牙连接车辆以控制车锁";
				INFOPLIST_KEY_UISupportedInterfaceOrientations = "UIInterfaceOrientationPortrait UIInterfaceOrientationPortraitUpsideDown";
				INFOPLIST_KEY_WKCompanionAppBundleIdentifier = com.sleepyshark.carkey;
				LD_RUNPATH_SEARCH_PATHS = (
					"$(inherited)",
					"@executable_path/Frameworks",
				);
				MARKETING_VERSION = 1.0;
				PRODUCT_BUNDLE_IDENTIFIER = com.sleepyshark.carkey.watchkitapp;
				PRODUCT_NAME = "$(TARGET_NAME)";
				SDKROOT = watchos;
				SKIP_INSTALL = YES;
				STRING_CATALOG_GENERATE_SYMBOLS = YES;
				SWIFT_APPROACHABLE_CONCURRENCY = YES;
				SWIFT_DEFAULT_ACTOR_ISOLATION = MainActor;
				SWIFT_EMIT_LOC_STRINGS = YES;
				SWIFT_UPCOMING_FEATURE_MEMBER_IMPORT_VISIBILITY = YES;
				SWIFT_VERSION = 5.0;
				TARGETED_DEVICE_FAMILY = 4;
				WATCHOS_DEPLOYMENT_TARGET = 26.0;
			};
			name = Debug;
		};
		33F907A22FDA56CD00741A4F /* Release */ = {
			isa = XCBuildConfiguration;
			buildSettings = {
				ASSETCATALOG_COMPILER_APPICON_NAME = AppIcon;
				ASSETCATALOG_COMPILER_GLOBAL_ACCENT_COLOR_NAME = AccentColor;
				CODE_SIGN_STYLE = Automatic;
				CURRENT_PROJECT_VERSION = 1;
				DEVELOPMENT_TEAM = QV9R4FN97N;
				ENABLE_PREVIEWS = YES;
				GENERATE_INFOPLIST_FILE = YES;
				INFOPLIST_KEY_CFBundleDisplayName = BaoJunKey;
				INFOPLIST_KEY_NSBluetoothAlwaysUsageDescription = "使用蓝牙连接车辆以控制车锁";
				INFOPLIST_KEY_UISupportedInterfaceOrientations = "UIInterfaceOrientationPortrait UIInterfaceOrientationPortraitUpsideDown";
				INFOPLIST_KEY_WKCompanionAppBundleIdentifier = com.sleepyshark.carkey;
				LD_RUNPATH_SEARCH_PATHS = (
					"$(inherited)",
					"@executable_path/Frameworks",
				);
				MARKETING_VERSION = 1.0;
				PRODUCT_BUNDLE_IDENTIFIER = com.sleepyshark.carkey.watchkitapp;
				PRODUCT_NAME = "$(TARGET_NAME)";
				SDKROOT = watchos;
				SKIP_INSTALL = YES;
				STRING_CATALOG_GENERATE_SYMBOLS = YES;
				SWIFT_APPROACHABLE_CONCURRENCY = YES;
				SWIFT_DEFAULT_ACTOR_ISOLATION = MainActor;
				SWIFT_EMIT_LOC_STRINGS = YES;
				SWIFT_UPCOMING_FEATURE_MEMBER_IMPORT_VISIBILITY = YES;
				SWIFT_VERSION = 5.0;
				TARGETED_DEVICE_FAMILY = 4;
				WATCHOS_DEPLOYMENT_TARGET = 26.0;
			};
			name = Release;
		};
/* End XCBuildConfiguration section */

/* Begin XCConfigurationList section */
		331325DA2E6E869100E86E52 /* Build configuration list for PBXProject "carkey" */ = {
			isa = XCConfigurationList;
			buildConfigurations = (
				331325FE2E6E869200E86E52 /* Debug */,
				331325FF2E6E869200E86E52 /* Release */,
			);
			defaultConfigurationIsVisible = 0;
			defaultConfigurationName = Release;
		};
		331326002E6E869200E86E52 /* Build configuration list for PBXNativeTarget "carkey" */ = {
			isa = XCConfigurationList;
			buildConfigurations = (
				331326012E6E869200E86E52 /* Debug */,
				331326022E6E869200E86E52 /* Release */,
			);
			defaultConfigurationIsVisible = 0;
			defaultConfigurationName = Release;
		};
		331326032E6E869200E86E52 /* Build configuration list for PBXNativeTarget "carkeyTests" */ = {
			isa = XCConfigurationList;
			buildConfigurations = (
				331326042E6E869200E86E52 /* Debug */,
				331326052E6E869200E86E52 /* Release */,
			);
			defaultConfigurationIsVisible = 0;
			defaultConfigurationName = Release;
		};
		331326062E6E869200E86E52 /* Build configuration list for PBXNativeTarget "carkeyUITests" */ = {
			isa = XCConfigurationList;
			buildConfigurations = (
				331326072E6E869200E86E52 /* Debug */,
				331326082E6E869200E86E52 /* Release */,
			);
			defaultConfigurationIsVisible = 0;
			defaultConfigurationName = Release;
		};
		33F907A32FDA56CD00741A4F /* Build configuration list for PBXNativeTarget "BaoJunKey Watch App" */ = {
			isa = XCConfigurationList;
			buildConfigurations = (
				33F907A12FDA56CD00741A4F /* Debug */,
				33F907A22FDA56CD00741A4F /* Release */,
			);
			defaultConfigurationIsVisible = 0;
			defaultConfigurationName = Release;
		};
/* End XCConfigurationList section */

/* Begin XCRemoteSwiftPackageReference section */
		3345C9402E8924CC003D2691 /* XCRemoteSwiftPackageReference "LogView" */ = {
			isa = XCRemoteSwiftPackageReference;
			repositoryURL = "https://github.com/alexejn/LogView";
			requirement = {
				kind = upToNextMajorVersion;
				minimumVersion = 1.0.6;
			};
		};
		335DD4402E74673100B0CE75 /* XCRemoteSwiftPackageReference "SwiftyBluetooth" */ = {
			isa = XCRemoteSwiftPackageReference;
			repositoryURL = "https://github.com/jordanebelanger/SwiftyBluetooth";
			requirement = {
				kind = upToNextMajorVersion;
				minimumVersion = 3.1.0;
			};
		};
		33A518D02E88BD070036C66D /* XCRemoteSwiftPackageReference "CryptoSwift" */ = {
			isa = XCRemoteSwiftPackageReference;
			repositoryURL = "https://github.com/krzyzanowskim/CryptoSwift";
			requirement = {
				kind = upToNextMajorVersion;
				minimumVersion = 1.9.0;
			};
		};
/* End XCRemoteSwiftPackageReference section */

/* Begin XCSwiftPackageProductDependency section */
		3345C9412E8924D1003D2691 /* LogView */ = {
			isa = XCSwiftPackageProductDependency;
			package = 3345C9402E8924CC003D2691 /* XCRemoteSwiftPackageReference "LogView" */;
			productName = LogView;
		};
		335DD4412E74673100B0CE75 /* SwiftyBluetooth */ = {
			isa = XCSwiftPackageProductDependency;
			package = 335DD4402E74673100B0CE75 /* XCRemoteSwiftPackageReference "SwiftyBluetooth" */;
			productName = SwiftyBluetooth;
		};
		33A518D12E88BD1B0036C66D /* CryptoSwift */ = {
			isa = XCSwiftPackageProductDependency;
			package = 33A518D02E88BD070036C66D /* XCRemoteSwiftPackageReference "CryptoSwift" */;
			productName = CryptoSwift;
		};
/* End XCSwiftPackageProductDependency section */
	};
	rootObject = 331325D72E6E869100E86E52 /* Project object */;
}
