{
  "originHash" : "c0996af08e05440a4de0cb35440044e199490bcc562830c07a82c78acc45bdce",
  "pins" : [
    {
      "identity" : "cryptoswift",
      "kind" : "remoteSourceControl",
      "location" : "https://github.com/krzyzanowskim/CryptoSwift",
      "state" : {
        "revision" : "e45a26384239e028ec87fbcc788f513b67e10d8f",
        "version" : "1.9.0"
      }
    },
    {
      "identity" : "swiftybluetooth",
      "kind" : "remoteSourceControl",
      "location" : "https://github.com/jordanebelanger/SwiftyBluetooth",
      "state" : {
        "revision" : "83694e28f40da9c60457228883166e3ca55a70c1",
        "version" : "3.1.0"
      }
    }
  ],
  "version" : 3
}
